{
  "version": 4,
  "terraform_version": "1.7.1",
  "serial": 7,
  "lineage": "90bcd719-b34f-1710-4e3b-c7d88fc84fbd",
  "outputs": {},
  "resources": [
    {
      "mode": "managed",
      "type": "aws_iam_role",
      "name": "vimmicherusserykkaran_role",
      "provider": "provider[\"registry.terraform.io/hashicorp/aws\"]",
      "instances": [
        {
          "schema_version": 0,
          "attributes": {
            "arn": "arn:aws:iam::211125651003:role/vimmicherusserykkaran",
            "assume_role_policy": "{\"Statement\":[{\"Action\":\"sts:AssumeRole\",\"Effect\":\"Allow\",\"Principal\":{\"Service\":\"ec2.amazonaws.com\"}},{\"Action\":\"iam:PassRole\",\"Effect\":\"Allow\",\"Resource\":\"arn:aws:iam::211125651003:role/vimmicherusserykkaran\"}],\"Version\":\"2012-10-17\"}",
            "create_date": "2024-03-11T20:33:18Z",
            "description": "",
            "force_detach_policies": false,
            "id": "vimmicherusserykkaran",
            "inline_policy": [],
            "managed_policy_arns": [
              "arn:aws:iam::aws:policy/AdministratorAccess"
            ],
            "max_session_duration": 3600,
            "name": "vimmicherusserykkaran",
            "name_prefix": "",
            "path": "/",
            "permissions_boundary": "",
            "tags": {},
            "tags_all": {},
            "unique_id": "AROATCKARYY5VJZOMYLYC"
          },
          "sensitive_attributes": [],
          "private": "bnVsbA=="
        }
      ]
    }
  ],
  "check_results": null
}
